
Microsoft Visual Studio Solution File, Format Version 12.00
# Visual Studio 2015
Project("{FAE04EC0-301F-11D3-BF4B-00C04F79EFBC}") = "MathterBlathter.CSharp.Plugins", "MathterBlathter.CSharp.Plugins.csproj", "{A65B647F-00C2-C854-F0E5-6201942849D1}"
EndProject
Project("{FAE04EC0-301F-11D3-BF4B-00C04F79EFBC}") = "MathterBlathter.CSharp", "MathterBlathter.CSharp.csproj", "{28C1A1CD-9DB0-0A7E-0F3B-563DBED1400D}"
EndProject
Project("{FAE04EC0-301F-11D3-BF4B-00C04F79EFBC}") = "MathterBlathter.CSharp.Editor", "MathterBlathter.CSharp.Editor.csproj", "{D1598D5A-BAAC-74E2-D8C8-543309BDBCC6}"
EndProject
Global
	GlobalSection(SolutionConfigurationPlatforms) = preSolution
		Debug|Any CPU = Debug|Any CPU
		Release|Any CPU = Release|Any CPU
	EndGlobalSection
	GlobalSection(ProjectConfigurationPlatforms) = postSolution
		{A65B647F-00C2-C854-F0E5-6201942849D1}.Debug|Any CPU.ActiveCfg = Debug|Any CPU
		{A65B647F-00C2-C854-F0E5-6201942849D1}.Debug|Any CPU.Build.0 = Debug|Any CPU
		{A65B647F-00C2-C854-F0E5-6201942849D1}.Release|Any CPU.ActiveCfg = Release|Any CPU
		{A65B647F-00C2-C854-F0E5-6201942849D1}.Release|Any CPU.Build.0 = Release|Any CPU
		{28C1A1CD-9DB0-0A7E-0F3B-563DBED1400D}.Debug|Any CPU.ActiveCfg = Debug|Any CPU
		{28C1A1CD-9DB0-0A7E-0F3B-563DBED1400D}.Debug|Any CPU.Build.0 = Debug|Any CPU
		{28C1A1CD-9DB0-0A7E-0F3B-563DBED1400D}.Release|Any CPU.ActiveCfg = Release|Any CPU
		{28C1A1CD-9DB0-0A7E-0F3B-563DBED1400D}.Release|Any CPU.Build.0 = Release|Any CPU
		{D1598D5A-BAAC-74E2-D8C8-543309BDBCC6}.Debug|Any CPU.ActiveCfg = Debug|Any CPU
		{D1598D5A-BAAC-74E2-D8C8-543309BDBCC6}.Debug|Any CPU.Build.0 = Debug|Any CPU
		{D1598D5A-BAAC-74E2-D8C8-543309BDBCC6}.Release|Any CPU.ActiveCfg = Release|Any CPU
		{D1598D5A-BAAC-74E2-D8C8-543309BDBCC6}.Release|Any CPU.Build.0 = Release|Any CPU
	EndGlobalSection
	GlobalSection(SolutionProperties) = preSolution
		HideSolutionNode = FALSE
	EndGlobalSection
EndGlobal
